
Microsoft Visual Studio Solution File, Format Version 12.00
# Visual Studio Version 17
VisualStudioVersion = 17.8.34330.188
MinimumVisualStudioVersion = 10.0.40219.1
Project("{9A19103F-16F7-4668-BE54-9A1E7A4F7556}") = "LinqVsParallelLinqBenchmark", "LinqVsParallelLinqBenchmark\LinqVsParallelLinqBenchmark.csproj", "{EA649F74-C827-4E1E-B3C2-8CEE8B794882}"
EndProject
Global
	GlobalSection(SolutionConfigurationPlatforms) = preSolution
		Debug|Any CPU = Debug|Any CPU
		Release|Any CPU = Release|Any CPU
	EndGlobalSection
	GlobalSection(ProjectConfigurationPlatforms) = postSolution
		{EA649F74-C827-4E1E-B3C2-8CEE8B794882}.Debug|Any CPU.ActiveCfg = Debug|Any CPU
		{EA649F74-C827-4E1E-B3C2-8CEE8B794882}.Debug|Any CPU.Build.0 = Debug|Any CPU
		{EA649F74-C827-4E1E-B3C2-8CEE8B794882}.Release|Any CPU.ActiveCfg = Release|Any CPU
		{EA649F74-C827-4E1E-B3C2-8CEE8B794882}.Release|Any CPU.Build.0 = Release|Any CPU
	EndGlobalSection
	GlobalSection(SolutionProperties) = preSolution
		HideSolutionNode = FALSE
	EndGlobalSection
	GlobalSection(ExtensibilityGlobals) = postSolution
		SolutionGuid = {0292101C-F451-4784-B7EA-7E6191403081}
	EndGlobalSection
EndGlobal
